<?xml version="1.0" encoding="utf-8"?>
<Project ToolsVersion="4.0" xmlns="http://schemas.microsoft.com/developer/msbuild/2003">
  <ItemGroup>
    <ClCompile Include="src\ofApp.cpp">
      <Filter>src</Filter>
    </ClCompile>
    <ClCompile Include="src\main.cpp">
      <Filter>src</Filter>
    </ClCompile>
    <ClCompile Include="Ground.cpp">
      <Filter>collision</Filter>
    </ClCompile>
    <ClCompile Include="Integrateur.cpp">
      <Filter>forces Particule</Filter>
    </ClCompile>
    <ClCompile Include="ParticleAnchorSpring.cpp">
      <Filter>forces Particule</Filter>
    </ClCompile>
    <ClCompile Include="ParticleContactGenerator.cpp">
      <Filter>collision</Filter>
    </ClCompile>
    <ClCompile Include="ParticleContact.cpp">
      <Filter>collision</Filter>
    </ClCompile>
    <ClCompile Include="ParticleCable.cpp">
      <Filter>collision</Filter>
    </ClCompile>
    <ClCompile Include="ParticleContactResolver.cpp">
      <Filter>collision</Filter>
    </ClCompile>
    <ClCompile Include="ParticleGravity.cpp">
      <Filter>forces Particule</Filter>
    </ClCompile>
    <ClCompile Include="ParticleForceRegistry.cpp">
      <Filter>forces Particule</Filter>
    </ClCompile>
    <ClCompile Include="ParticleForceGenerator.cpp">
      <Filter>forces Particule</Filter>
    </ClCompile>
    <ClCompile Include="ParticleDrag.cpp">
      <Filter>forces Particule</Filter>
    </ClCompile>
    <ClCompile Include="Particule.cpp" />
    <ClCompile Include="Vecteur3D.cpp" />
    <ClCompile Include="ParticleLink.cpp">
      <Filter>collision</Filter>
    </ClCompile>
    <ClCompile Include="ParticleRod.cpp">
      <Filter>collision</Filter>
    </ClCompile>
    <ClCompile Include="ParticleSpring.cpp">
      <Filter>forces Particule</Filter>
    </ClCompile>
    <ClCompile Include="Collision.cpp">
      <Filter>collision</Filter>
    </ClCompile>
    <ClCompile Include="Matrix33.cpp" />
    <ClCompile Include="Matrix34.cpp" />
    <ClCompile Include="Quaternion.cpp" />
    <ClCompile Include="RigidBody.cpp" />
    <ClCompile Include="ForceGenerator.cpp">
      <Filter>forces Corps Rigide</Filter>
    </ClCompile>
    <ClCompile Include="GravityForceGenerator.cpp">
      <Filter>forces Corps Rigide</Filter>
    </ClCompile>
    <ClCompile Include="RigidForceRegistry.cpp">
      <Filter>forces Corps Rigide</Filter>
    </ClCompile>
    <ClCompile Include="AnchorForceGenerator.cpp">
      <Filter>forces Corps Rigide</Filter>
    </ClCompile>
    <ClCompile Include="DragForceGenerator.cpp">
      <Filter>forces Corps Rigide</Filter>
    </ClCompile>
    <ClCompile Include="SpringForceGenerator.cpp">
      <Filter>forces Corps Rigide</Filter>
    </ClCompile>
    <ClCompile Include="BoxRigidBody.cpp">
      <Filter>collision Rigid</Filter>
    </ClCompile>
    <ClCompile Include="CylinderRigidBody.cpp">
      <Filter>collision Rigid</Filter>
    </ClCompile>
    <ClCompile Include="SphereRigidBody.cpp">
      <Filter>collision Rigid</Filter>
    </ClCompile>
    <ClCompile Include="BSP.cpp">
      <Filter>collision Rigid</Filter>
    </ClCompile>
    <ClCompile Include="RigidContactGenerator.cpp">
      <Filter>collision Rigid</Filter>
    </ClCompile>
    <ClCompile Include="RigidContactResolver.cpp">
      <Filter>collision Rigid</Filter>
    </ClCompile>
    <ClCompile Include="RigidContact.cpp">
      <Filter>collision Rigid</Filter>
    </ClCompile>
  </ItemGroup>
  <ItemGroup>
    <Filter Include="src">
      <UniqueIdentifier>{d8376475-7454-4a24-b08a-aac121d3ad6f}</UniqueIdentifier>
    </Filter>
    <Filter Include="collision">
      <UniqueIdentifier>{2c6b1571-2b8f-42d9-8a34-e40452303291}</UniqueIdentifier>
    </Filter>
    <Filter Include="forces Particule">
      <UniqueIdentifier>{3386984f-f39a-4409-ab04-c0a3bc889639}</UniqueIdentifier>
    </Filter>
    <Filter Include="forces Corps Rigide">
      <UniqueIdentifier>{c88d060f-73f7-4c63-ae0a-dc7a694b24aa}</UniqueIdentifier>
    </Filter>
    <Filter Include="collision Rigid">
      <UniqueIdentifier>{4828a7cd-e912-4b01-a13c-e848294f9b85}</UniqueIdentifier>
    </Filter>
  </ItemGroup>
  <ItemGroup>
    <ClInclude Include="src\ofApp.h">
      <Filter>src</Filter>
    </ClInclude>
    <ClInclude Include="Ground.h">
      <Filter>collision</Filter>
    </ClInclude>
    <ClInclude Include="Integrateur.h">
      <Filter>forces Particule</Filter>
    </ClInclude>
    <ClInclude Include="ParticleAnchorSpring.h">
      <Filter>forces Particule</Filter>
    </ClInclude>
    <ClInclude Include="ParticleContactGenerator.h">
      <Filter>collision</Filter>
    </ClInclude>
    <ClInclude Include="ParticleContact.h">
      <Filter>collision</Filter>
    </ClInclude>
    <ClInclude Include="ParticleCable.h">
      <Filter>collision</Filter>
    </ClInclude>
    <ClInclude Include="ParticleContactResolver.h">
      <Filter>collision</Filter>
    </ClInclude>
    <ClInclude Include="ParticleGravity.h">
      <Filter>forces Particule</Filter>
    </ClInclude>
    <ClInclude Include="ParticleForceRegistry.h">
      <Filter>forces Particule</Filter>
    </ClInclude>
    <ClInclude Include="ParticleForceGenerator.h">
      <Filter>forces Particule</Filter>
    </ClInclude>
    <ClInclude Include="ParticleDrag.h">
      <Filter>forces Particule</Filter>
    </ClInclude>
    <ClInclude Include="Particule.h" />
    <ClInclude Include="Vecteur3D.h" />
    <ClInclude Include="ParticleLink.h">
      <Filter>collision</Filter>
    </ClInclude>
    <ClInclude Include="ParticleRod.h">
      <Filter>collision</Filter>
    </ClInclude>
    <ClInclude Include="ParticleSpring.h">
      <Filter>forces Particule</Filter>
    </ClInclude>
    <ClInclude Include="Collision.h">
      <Filter>collision</Filter>
    </ClInclude>
    <ClInclude Include="Matrix33.h" />
    <ClInclude Include="Matrix34.h" />
    <ClInclude Include="Quaternion.h" />
    <ClInclude Include="RigidBody.h" />
    <ClInclude Include="ForceGenerator.h">
      <Filter>forces Corps Rigide</Filter>
    </ClInclude>
    <ClInclude Include="GravityForceGenerator.h">
      <Filter>forces Corps Rigide</Filter>
    </ClInclude>
    <ClInclude Include="RigidForceRegistry.h">
      <Filter>forces Corps Rigide</Filter>
    </ClInclude>
    <ClInclude Include="AnchorForceGenerator.h">
      <Filter>forces Corps Rigide</Filter>
    </ClInclude>
    <ClInclude Include="DragForceGenerator.h">
      <Filter>forces Corps Rigide</Filter>
    </ClInclude>
    <ClInclude Include="SpringForceGenerator.h">
      <Filter>forces Corps Rigide</Filter>
    </ClInclude>
    <ClInclude Include="BoxRigidBody.h">
      <Filter>collision Rigid</Filter>
    </ClInclude>
    <ClInclude Include="CylinderRigidBody.h">
      <Filter>collision Rigid</Filter>
    </ClInclude>
    <ClInclude Include="SphereRigidBody.h">
      <Filter>collision Rigid</Filter>
    </ClInclude>
    <ClInclude Include="BSP.h">
      <Filter>collision Rigid</Filter>
    </ClInclude>
    <ClInclude Include="RigidContactGenerator.h">
      <Filter>collision Rigid</Filter>
    </ClInclude>
    <ClInclude Include="RigidContactResolver.h">
      <Filter>collision Rigid</Filter>
    </ClInclude>
    <ClInclude Include="RigidContact.h">
      <Filter>collision Rigid</Filter>
    </ClInclude>
  </ItemGroup>
  <ItemGroup>
    <ResourceCompile Include="icon.rc" />
  </ItemGroup>
</Project>